// !$*UTF8*$!
{
	archiveVersion = 1;
	classes = {
	};
	objectVersion = 46;
	objects = {

/* Begin PBXBuildFile section */
		0725C11D1EFC8B950044011D /* bidEntryVC.swift in Sources */ = {isa = PBXBuildFile; fileRef = 0725C11B1EFC8B950044011D /* bidEntryVC.swift */; };
		0725C11E1EFC8B950044011D /* confirmNamesVC.swift in Sources */ = {isa = PBXBuildFile; fileRef = 0725C11C1EFC8B950044011D /* confirmNamesVC.swift */; };
		0725C1221EFC8C010044011D /* statsTableViewVC.swift in Sources */ = {isa = PBXBuildFile; fileRef = 0725C11F1EFC8C010044011D /* statsTableViewVC.swift */; };
		0725C1231EFC8C010044011D /* enterNamesVC.swift in Sources */ = {isa = PBXBuildFile; fileRef = 0725C1201EFC8C010044011D /* enterNamesVC.swift */; };
		0725C1241EFC8C010044011D /* selectPlayerCountVC.swift in Sources */ = {isa = PBXBuildFile; fileRef = 0725C1211EFC8C010044011D /* selectPlayerCountVC.swift */; };
		07411AEE1F549F1A0078CBB8 /* statsTableViewCell.swift in Sources */ = {isa = PBXBuildFile; fileRef = 07411AED1F549F1A0078CBB8 /* statsTableViewCell.swift */; };
		07411AF01F54A8030078CBB8 /* bidHeaderTableViewCell.swift in Sources */ = {isa = PBXBuildFile; fileRef = 07411AEF1F54A8030078CBB8 /* bidHeaderTableViewCell.swift */; };
		0782365C1EFADE03002B8939 /* player.swift in Sources */ = {isa = PBXBuildFile; fileRef = 0782365B1EFADE03002B8939 /* player.swift */; };
		07A7E34C1EFD877000E8092A /* playHandVC.swift in Sources */ = {isa = PBXBuildFile; fileRef = 07A7E34B1EFD877000E8092A /* playHandVC.swift */; };
		07F1DA6A1EF9DFBF0017E593 /* AppDelegate.swift in Sources */ = {isa = PBXBuildFile; fileRef = 07F1DA691EF9DFBF0017E593 /* AppDelegate.swift */; };
		07F1DA6F1EF9DFBF0017E593 /* Main.storyboard in Resources */ = {isa = PBXBuildFile; fileRef = 07F1DA6D1EF9DFBF0017E593 /* Main.storyboard */; };
		07F1DA711EF9DFBF0017E593 /* Assets.xcassets in Resources */ = {isa = PBXBuildFile; fileRef = 07F1DA701EF9DFBF0017E593 /* Assets.xcassets */; };
		07F1DA741EF9DFBF0017E593 /* LaunchScreen.storyboard in Resources */ = {isa = PBXBuildFile; fileRef = 07F1DA721EF9DFBF0017E593 /* LaunchScreen.storyboard */; };
		07F1DA7F1EF9DFBF0017E593 /* upDownRiverTests.swift in Sources */ = {isa = PBXBuildFile; fileRef = 07F1DA7E1EF9DFBF0017E593 /* upDownRiverTests.swift */; };
		07F1DA8A1EF9DFBF0017E593 /* upDownRiverUITests.swift in Sources */ = {isa = PBXBuildFile; fileRef = 07F1DA891EF9DFBF0017E593 /* upDownRiverUITests.swift */; };
		CF638FF11F51FE7B008C242C /* bidEntryTableViewVC.swift in Sources */ = {isa = PBXBuildFile; fileRef = CF638FF01F51FE7B008C242C /* bidEntryTableViewVC.swift */; };
		CF638FF31F5204D8008C242C /* bidEntryTableViewCell.swift in Sources */ = {isa = PBXBuildFile; fileRef = CF638FF21F5204D8008C242C /* bidEntryTableViewCell.swift */; };
		CFC33CF31F1FED1F001DB3F0 /* trickEntryVC.swift in Sources */ = {isa = PBXBuildFile; fileRef = CFC33CF21F1FED1E001DB3F0 /* trickEntryVC.swift */; };
		CFC33CF51F1FF72D001DB3F0 /* viewStatsVC.swift in Sources */ = {isa = PBXBuildFile; fileRef = CFC33CF41F1FF72D001DB3F0 /* viewStatsVC.swift */; };
		CFFDDBAA1F4E3D12001E642A /* constants.swift in Sources */ = {isa = PBXBuildFile; fileRef = CFFDDBA91F4E3D12001E642A /* constants.swift */; };
		CFFDF7A41F56235F008718BE /* trickEntryTableViewVC.swift in Sources */ = {isa = PBXBuildFile; fileRef = CFFDF7A31F56235F008718BE /* trickEntryTableViewVC.swift */; };
		CFFDF7A61F562EAA008718BE /* trickEntryTableViewCell.swift in Sources */ = {isa = PBXBuildFile; fileRef = CFFDF7A51F562EAA008718BE /* trickEntryTableViewCell.swift */; };
		CFFDF7A81F562EDE008718BE /* trickHeaderTableViewCell.swift in Sources */ = {isa = PBXBuildFile; fileRef = CFFDF7A71F562EDE008718BE /* trickHeaderTableViewCell.swift */; };
/* End PBXBuildFile section */

/* Begin PBXContainerItemProxy section */
		07F1DA7B1EF9DFBF0017E593 /* PBXContainerItemProxy */ = {
			isa = PBXContainerItemProxy;
			containerPortal = 07F1DA5E1EF9DFBF0017E593 /* Project object */;
			proxyType = 1;
			remoteGlobalIDString = 07F1DA651EF9DFBF0017E593;
			remoteInfo = upDownRiver;
		};
		07F1DA861EF9DFBF0017E593 /* PBXContainerItemProxy */ = {
			isa = PBXContainerItemProxy;
			containerPortal = 07F1DA5E1EF9DFBF0017E593 /* Project object */;
			proxyType = 1;
			remoteGlobalIDString = 07F1DA651EF9DFBF0017E593;
			remoteInfo = upDownRiver;
		};
/* End PBXContainerItemProxy section */

/* Begin PBXFileReference section */
		0725C11B1EFC8B950044011D /* bidEntryVC.swift */ = {isa = PBXFileReference; fileEncoding = 4; lastKnownFileType = sourcecode.swift; path = bidEntryVC.swift; sourceTree = "<group>"; };
		0725C11C1EFC8B950044011D /* confirmNamesVC.swift */ = {isa = PBXFileReference; fileEncoding = 4; lastKnownFileType = sourcecode.swift; path = confirmNamesVC.swift; sourceTree = "<group>"; };
		0725C11F1EFC8C010044011D /* statsTableViewVC.swift */ = {isa = PBXFileReference; fileEncoding = 4; lastKnownFileType = sourcecode.swift; path = statsTableViewVC.swift; sourceTree = "<group>"; };
		0725C1201EFC8C010044011D /* enterNamesVC.swift */ = {isa = PBXFileReference; fileEncoding = 4; lastKnownFileType = sourcecode.swift; path = enterNamesVC.swift; sourceTree = "<group>"; };
		0725C1211EFC8C010044011D /* selectPlayerCountVC.swift */ = {isa = PBXFileReference; fileEncoding = 4; lastKnownFileType = sourcecode.swift; path = selectPlayerCountVC.swift; sourceTree = "<group>"; };
		07411AED1F549F1A0078CBB8 /* statsTableViewCell.swift */ = {isa = PBXFileReference; fileEncoding = 4; lastKnownFileType = sourcecode.swift; path = statsTableViewCell.swift; sourceTree = "<group>"; };
		07411AEF1F54A8030078CBB8 /* bidHeaderTableViewCell.swift */ = {isa = PBXFileReference; fileEncoding = 4; lastKnownFileType = sourcecode.swift; path = bidHeaderTableViewCell.swift; sourceTree = "<group>"; };
		0782365B1EFADE03002B8939 /* player.swift */ = {isa = PBXFileReference; fileEncoding = 4; lastKnownFileType = sourcecode.swift; path = player.swift; sourceTree = "<group>"; };
		07A7E34B1EFD877000E8092A /* playHandVC.swift */ = {isa = PBXFileReference; fileEncoding = 4; lastKnownFileType = sourcecode.swift; path = playHandVC.swift; sourceTree = "<group>"; };
		07F1DA661EF9DFBF0017E593 /* upDownRiver.app */ = {isa = PBXFileReference; explicitFileType = wrapper.application; includeInIndex = 0; path = upDownRiver.app; sourceTree = BUILT_PRODUCTS_DIR; };
		07F1DA691EF9DFBF0017E593 /* AppDelegate.swift */ = {isa = PBXFileReference; lastKnownFileType = sourcecode.swift; path = AppDelegate.swift; sourceTree = "<group>"; };
		07F1DA6E1EF9DFBF0017E593 /* Base */ = {isa = PBXFileReference; lastKnownFileType = file.storyboard; name = Base; path = Base.lproj/Main.storyboard; sourceTree = "<group>"; };
		07F1DA701EF9DFBF0017E593 /* Assets.xcassets */ = {isa = PBXFileReference; lastKnownFileType = folder.assetcatalog; path = Assets.xcassets; sourceTree = "<group>"; };
		07F1DA731EF9DFBF0017E593 /* Base */ = {isa = PBXFileReference; lastKnownFileType = file.storyboard; name = Base; path = Base.lproj/LaunchScreen.storyboard; sourceTree = "<group>"; };
		07F1DA751EF9DFBF0017E593 /* Info.plist */ = {isa = PBXFileReference; lastKnownFileType = text.plist.xml; path = Info.plist; sourceTree = "<group>"; };
		07F1DA7A1EF9DFBF0017E593 /* upDownRiverTests.xctest */ = {isa = PBXFileReference; explicitFileType = wrapper.cfbundle; includeInIndex = 0; path = upDownRiverTests.xctest; sourceTree = BUILT_PRODUCTS_DIR; };
		07F1DA7E1EF9DFBF0017E593 /* upDownRiverTests.swift */ = {isa = PBXFileReference; lastKnownFileType = sourcecode.swift; path = upDownRiverTests.swift; sourceTree = "<group>"; };
		07F1DA801EF9DFBF0017E593 /* Info.plist */ = {isa = PBXFileReference; lastKnownFileType = text.plist.xml; path = Info.plist; sourceTree = "<group>"; };
		07F1DA851EF9DFBF0017E593 /* upDownRiverUITests.xctest */ = {isa = PBXFileReference; explicitFileType = wrapper.cfbundle; includeInIndex = 0; path = upDownRiverUITests.xctest; sourceTree = BUILT_PRODUCTS_DIR; };
		07F1DA891EF9DFBF0017E593 /* upDownRiverUITests.swift */ = {isa = PBXFileReference; lastKnownFileType = sourcecode.swift; path = upDownRiverUITests.swift; sourceTree = "<group>"; };
		07F1DA8B1EF9DFBF0017E593 /* Info.plist */ = {isa = PBXFileReference; lastKnownFileType = text.plist.xml; path = Info.plist; sourceTree = "<group>"; };
		CF638FF01F51FE7B008C242C /* bidEntryTableViewVC.swift */ = {isa = PBXFileReference; fileEncoding = 4; lastKnownFileType = sourcecode.swift; path = bidEntryTableViewVC.swift; sourceTree = "<group>"; };
		CF638FF21F5204D8008C242C /* bidEntryTableViewCell.swift */ = {isa = PBXFileReference; fileEncoding = 4; lastKnownFileType = sourcecode.swift; path = bidEntryTableViewCell.swift; sourceTree = "<group>"; };
		CFC33CF21F1FED1E001DB3F0 /* trickEntryVC.swift */ = {isa = PBXFileReference; fileEncoding = 4; lastKnownFileType = sourcecode.swift; path = trickEntryVC.swift; sourceTree = "<group>"; };
		CFC33CF41F1FF72D001DB3F0 /* viewStatsVC.swift */ = {isa = PBXFileReference; fileEncoding = 4; lastKnownFileType = sourcecode.swift; path = viewStatsVC.swift; sourceTree = "<group>"; };
		CFFDDBA91F4E3D12001E642A /* constants.swift */ = {isa = PBXFileReference; fileEncoding = 4; lastKnownFileType = sourcecode.swift; path = constants.swift; sourceTree = "<group>"; };
		CFFDF7A31F56235F008718BE /* trickEntryTableViewVC.swift */ = {isa = PBXFileReference; fileEncoding = 4; lastKnownFileType = sourcecode.swift; path = trickEntryTableViewVC.swift; sourceTree = "<group>"; };
		CFFDF7A51F562EAA008718BE /* trickEntryTableViewCell.swift */ = {isa = PBXFileReference; fileEncoding = 4; lastKnownFileType = sourcecode.swift; path = trickEntryTableViewCell.swift; sourceTree = "<group>"; };
		CFFDF7A71F562EDE008718BE /* trickHeaderTableViewCell.swift */ = {isa = PBXFileReference; fileEncoding = 4; lastKnownFileType = sourcecode.swift; path = trickHeaderTableViewCell.swift; sourceTree = "<group>"; };
/* End PBXFileReference section */

/* Begin PBXFrameworksBuildPhase section */
		07F1DA631EF9DFBF0017E593 /* Frameworks */ = {
			isa = PBXFrameworksBuildPhase;
			buildActionMask = 2147483647;
			files = (
			);
			runOnlyForDeploymentPostprocessing = 0;
		};
		07F1DA771EF9DFBF0017E593 /* Frameworks */ = {
			isa = PBXFrameworksBuildPhase;
			buildActionMask = 2147483647;
			files = (
			);
			runOnlyForDeploymentPostprocessing = 0;
		};
		07F1DA821EF9DFBF0017E593 /* Frameworks */ = {
			isa = PBXFrameworksBuildPhase;
			buildActionMask = 2147483647;
			files = (
			);
			runOnlyForDeploymentPostprocessing = 0;
		};
/* End PBXFrameworksBuildPhase section */

/* Begin PBXGroup section */
		07F1DA5D1EF9DFBF0017E593 = {
			isa = PBXGroup;
			children = (
				07F1DA681EF9DFBF0017E593 /* upDownRiver */,
				07F1DA7D1EF9DFBF0017E593 /* upDownRiverTests */,
				07F1DA881EF9DFBF0017E593 /* upDownRiverUITests */,
				07F1DA671EF9DFBF0017E593 /* Products */,
			);
			sourceTree = "<group>";
		};
		07F1DA671EF9DFBF0017E593 /* Products */ = {
			isa = PBXGroup;
			children = (
				07F1DA661EF9DFBF0017E593 /* upDownRiver.app */,
				07F1DA7A1EF9DFBF0017E593 /* upDownRiverTests.xctest */,
				07F1DA851EF9DFBF0017E593 /* upDownRiverUITests.xctest */,
			);
			name = Products;
			sourceTree = "<group>";
		};
		07F1DA681EF9DFBF0017E593 /* upDownRiver */ = {
			isa = PBXGroup;
			children = (
				07F1DA691EF9DFBF0017E593 /* AppDelegate.swift */,
				0725C11B1EFC8B950044011D /* bidEntryVC.swift */,
				CFFDDBA91F4E3D12001E642A /* constants.swift */,
				0782365B1EFADE03002B8939 /* player.swift */,
				0725C1211EFC8C010044011D /* selectPlayerCountVC.swift */,
				0725C1201EFC8C010044011D /* enterNamesVC.swift */,
				0725C11C1EFC8B950044011D /* confirmNamesVC.swift */,
				0725C11F1EFC8C010044011D /* statsTableViewVC.swift */,
				07411AED1F549F1A0078CBB8 /* statsTableViewCell.swift */,
				CF638FF01F51FE7B008C242C /* bidEntryTableViewVC.swift */,
				CF638FF21F5204D8008C242C /* bidEntryTableViewCell.swift */,
				CFFDF7A71F562EDE008718BE /* trickHeaderTableViewCell.swift */,
				07411AEF1F54A8030078CBB8 /* bidHeaderTableViewCell.swift */,
				CFFDF7A51F562EAA008718BE /* trickEntryTableViewCell.swift */,
				07A7E34B1EFD877000E8092A /* playHandVC.swift */,
				CFC33CF41F1FF72D001DB3F0 /* viewStatsVC.swift */,
				07F1DA6D1EF9DFBF0017E593 /* Main.storyboard */,
				CFC33CF21F1FED1E001DB3F0 /* trickEntryVC.swift */,
				CFFDF7A31F56235F008718BE /* trickEntryTableViewVC.swift */,
				07F1DA721EF9DFBF0017E593 /* LaunchScreen.storyboard */,
				07F1DA751EF9DFBF0017E593 /* Info.plist */,
				07F1DA701EF9DFBF0017E593 /* Assets.xcassets */,
			);
			path = upDownRiver;
			sourceTree = "<group>";
		};
		07F1DA7D1EF9DFBF0017E593 /* upDownRiverTests */ = {
			isa = PBXGroup;
			children = (
				07F1DA7E1EF9DFBF0017E593 /* upDownRiverTests.swift */,
				07F1DA801EF9DFBF0017E593 /* Info.plist */,
			);
			path = upDownRiverTests;
			sourceTree = "<group>";
		};
		07F1DA881EF9DFBF0017E593 /* upDownRiverUITests */ = {
			isa = PBXGroup;
			children = (
				07F1DA891EF9DFBF0017E593 /* upDownRiverUITests.swift */,
				07F1DA8B1EF9DFBF0017E593 /* Info.plist */,
			);
			path = upDownRiverUITests;
			sourceTree = "<group>";
		};
/* End PBXGroup section */

/* Begin PBXNativeTarget section */
		07F1DA651EF9DFBF0017E593 /* upDownRiver */ = {
			isa = PBXNativeTarget;
			buildConfigurationList = 07F1DA8E1EF9DFBF0017E593 /* Build configuration list for PBXNativeTarget "upDownRiver" */;
			buildPhases = (
				07F1DA621EF9DFBF0017E593 /* Sources */,
				07F1DA631EF9DFBF0017E593 /* Frameworks */,
				07F1DA641EF9DFBF0017E593 /* Resources */,
			);
			buildRules = (
			);
			dependencies = (
			);
			name = upDownRiver;
			productName = upDownRiver;
			productReference = 07F1DA661EF9DFBF0017E593 /* upDownRiver.app */;
			productType = "com.apple.product-type.application";
		};
		07F1DA791EF9DFBF0017E593 /* upDownRiverTests */ = {
			isa = PBXNativeTarget;
			buildConfigurationList = 07F1DA911EF9DFBF0017E593 /* Build configuration list for PBXNativeTarget "upDownRiverTests" */;
			buildPhases = (
				07F1DA761EF9DFBF0017E593 /* Sources */,
				07F1DA771EF9DFBF0017E593 /* Frameworks */,
				07F1DA781EF9DFBF0017E593 /* Resources */,
			);
			buildRules = (
			);
			dependencies = (
				07F1DA7C1EF9DFBF0017E593 /* PBXTargetDependency */,
			);
			name = upDownRiverTests;
			productName = upDownRiverTests;
			productReference = 07F1DA7A1EF9DFBF0017E593 /* upDownRiverTests.xctest */;
			productType = "com.apple.product-type.bundle.unit-test";
		};
		07F1DA841EF9DFBF0017E593 /* upDownRiverUITests */ = {
			isa = PBXNativeTarget;
			buildConfigurationList = 07F1DA941EF9DFBF0017E593 /* Build configuration list for PBXNativeTarget "upDownRiverUITests" */;
			buildPhases = (
				07F1DA811EF9DFBF0017E593 /* Sources */,
				07F1DA821EF9DFBF0017E593 /* Frameworks */,
				07F1DA831EF9DFBF0017E593 /* Resources */,
			);
			buildRules = (
			);
			dependencies = (
				07F1DA871EF9DFBF0017E593 /* PBXTargetDependency */,
			);
			name = upDownRiverUITests;
			productName = upDownRiverUITests;
			productReference = 07F1DA851EF9DFBF0017E593 /* upDownRiverUITests.xctest */;
			productType = "com.apple.product-type.bundle.ui-testing";
		};
/* End PBXNativeTarget section */

/* Begin PBXProject section */
		07F1DA5E1EF9DFBF0017E593 /* Project object */ = {
			isa = PBXProject;
			attributes = {
				LastSwiftUpdateCheck = 0820;
				LastUpgradeCheck = 0820;
				ORGANIZATIONNAME = bergerMacPro;
				TargetAttributes = {
					07F1DA651EF9DFBF0017E593 = {
						CreatedOnToolsVersion = 8.2;
						DevelopmentTeam = HGLGB2JMB5;
						ProvisioningStyle = Automatic;
					};
					07F1DA791EF9DFBF0017E593 = {
						CreatedOnToolsVersion = 8.2;
						ProvisioningStyle = Automatic;
						TestTargetID = 07F1DA651EF9DFBF0017E593;
					};
					07F1DA841EF9DFBF0017E593 = {
						CreatedOnToolsVersion = 8.2;
						ProvisioningStyle = Automatic;
						TestTargetID = 07F1DA651EF9DFBF0017E593;
					};
				};
			};
			buildConfigurationList = 07F1DA611EF9DFBF0017E593 /* Build configuration list for PBXProject "upDownRiver" */;
			compatibilityVersion = "Xcode 3.2";
			developmentRegion = English;
			hasScannedForEncodings = 0;
			knownRegions = (
				en,
				Base,
			);
			mainGroup = 07F1DA5D1EF9DFBF0017E593;
			productRefGroup = 07F1DA671EF9DFBF0017E593 /* Products */;
			projectDirPath = "";
			projectRoot = "";
			targets = (
				07F1DA651EF9DFBF0017E593 /* upDownRiver */,
				07F1DA791EF9DFBF0017E593 /* upDownRiverTests */,
				07F1DA841EF9DFBF0017E593 /* upDownRiverUITests */,
			);
		};
/* End PBXProject section */

/* Begin PBXResourcesBuildPhase section */
		07F1DA641EF9DFBF0017E593 /* Resources */ = {
			isa = PBXResourcesBuildPhase;
			buildActionMask = 2147483647;
			files = (
				07F1DA741EF9DFBF0017E593 /* LaunchScreen.storyboard in Resources */,
				07F1DA711EF9DFBF0017E593 /* Assets.xcassets in Resources */,
				07F1DA6F1EF9DFBF0017E593 /* Main.storyboard in Resources */,
			);
			runOnlyForDeploymentPostprocessing = 0;
		};
		07F1DA781EF9DFBF0017E593 /* Resources */ = {
			isa = PBXResourcesBuildPhase;
			buildActionMask = 2147483647;
			files = (
			);
			runOnlyForDeploymentPostprocessing = 0;
		};
		07F1DA831EF9DFBF0017E593 /* Resources */ = {
			isa = PBXResourcesBuildPhase;
			buildActionMask = 2147483647;
			files = (
			);
			runOnlyForDeploymentPostprocessing = 0;
		};
/* End PBXResourcesBuildPhase section */

/* Begin PBXSourcesBuildPhase section */
		07F1DA621EF9DFBF0017E593 /* Sources */ = {
			isa = PBXSourcesBuildPhase;
			buildActionMask = 2147483647;
			files = (
				07F1DA6A1EF9DFBF0017E593 /* AppDelegate.swift in Sources */,
				CFFDF7A41F56235F008718BE /* trickEntryTableViewVC.swift in Sources */,
				CF638FF11F51FE7B008C242C /* bidEntryTableViewVC.swift in Sources */,
				07411AF01F54A8030078CBB8 /* bidHeaderTableViewCell.swift in Sources */,
				CF638FF31F5204D8008C242C /* bidEntryTableViewCell.swift in Sources */,
				0782365C1EFADE03002B8939 /* player.swift in Sources */,
				CFC33CF31F1FED1F001DB3F0 /* trickEntryVC.swift in Sources */,
				0725C11D1EFC8B950044011D /* bidEntryVC.swift in Sources */,
				CFFDDBAA1F4E3D12001E642A /* constants.swift in Sources */,
				07411AEE1F549F1A0078CBB8 /* statsTableViewCell.swift in Sources */,
				0725C1221EFC8C010044011D /* statsTableViewVC.swift in Sources */,
				CFC33CF51F1FF72D001DB3F0 /* viewStatsVC.swift in Sources */,
				0725C1241EFC8C010044011D /* selectPlayerCountVC.swift in Sources */,
				CFFDF7A61F562EAA008718BE /* trickEntryTableViewCell.swift in Sources */,
				07A7E34C1EFD877000E8092A /* playHandVC.swift in Sources */,
				0725C1231EFC8C010044011D /* enterNamesVC.swift in Sources */,
				CFFDF7A81F562EDE008718BE /* trickHeaderTableViewCell.swift in Sources */,
				0725C11E1EFC8B950044011D /* confirmNamesVC.swift in Sources */,
			);
			runOnlyForDeploymentPostprocessing = 0;
		};
		07F1DA761EF9DFBF0017E593 /* Sources */ = {
			isa = PBXSourcesBuildPhase;
			buildActionMask = 2147483647;
			files = (
				07F1DA7F1EF9DFBF0017E593 /* upDownRiverTests.swift in Sources */,
			);
			runOnlyForDeploymentPostprocessing = 0;
		};
		07F1DA811EF9DFBF0017E593 /* Sources */ = {
			isa = PBXSourcesBuildPhase;
			buildActionMask = 2147483647;
			files = (
				07F1DA8A1EF9DFBF0017E593 /* upDownRiverUITests.swift in Sources */,
			);
			runOnlyForDeploymentPostprocessing = 0;
		};
/* End PBXSourcesBuildPhase section */

/* Begin PBXTargetDependency section */
		07F1DA7C1EF9DFBF0017E593 /* PBXTargetDependency */ = {
			isa = PBXTargetDependency;
			target = 07F1DA651EF9DFBF0017E593 /* upDownRiver */;
			targetProxy = 07F1DA7B1EF9DFBF0017E593 /* PBXContainerItemProxy */;
		};
		07F1DA871EF9DFBF0017E593 /* PBXTargetDependency */ = {
			isa = PBXTargetDependency;
			target = 07F1DA651EF9DFBF0017E593 /* upDownRiver */;
			targetProxy = 07F1DA861EF9DFBF0017E593 /* PBXContainerItemProxy */;
		};
/* End PBXTargetDependency section */

/* Begin PBXVariantGroup section */
		07F1DA6D1EF9DFBF0017E593 /* Main.storyboard */ = {
			isa = PBXVariantGroup;
			children = (
				07F1DA6E1EF9DFBF0017E593 /* Base */,
			);
			name = Main.storyboard;
			sourceTree = "<group>";
		};
		07F1DA721EF9DFBF0017E593 /* LaunchScreen.storyboard */ = {
			isa = PBXVariantGroup;
			children = (
				07F1DA731EF9DFBF0017E593 /* Base */,
			);
			name = LaunchScreen.storyboard;
			sourceTree = "<group>";
		};
/* End PBXVariantGroup section */

/* Begin XCBuildConfiguration section */
		07F1DA8C1EF9DFBF0017E593 /* Debug */ = {
			isa = XCBuildConfiguration;
			buildSettings = {
				ALWAYS_SEARCH_USER_PATHS = NO;
				CLANG_ANALYZER_NONNULL = YES;
				CLANG_CXX_LANGUAGE_STANDARD = "gnu++0x";
				CLANG_CXX_LIBRARY = "libc++";
				CLANG_ENABLE_MODULES = YES;
				CLANG_ENABLE_OBJC_ARC = YES;
				CLANG_WARN_BOOL_CONVERSION = YES;
				CLANG_WARN_CONSTANT_CONVERSION = YES;
				CLANG_WARN_DIRECT_OBJC_ISA_USAGE = YES_ERROR;
				CLANG_WARN_DOCUMENTATION_COMMENTS = YES;
				CLANG_WARN_EMPTY_BODY = YES;
				CLANG_WARN_ENUM_CONVERSION = YES;
				CLANG_WARN_INFINITE_RECURSION = YES;
				CLANG_WARN_INT_CONVERSION = YES;
				CLANG_WARN_OBJC_ROOT_CLASS = YES_ERROR;
				CLANG_WARN_SUSPICIOUS_MOVE = YES;
				CLANG_WARN_UNREACHABLE_CODE = YES;
				CLANG_WARN__DUPLICATE_METHOD_MATCH = YES;
				"CODE_SIGN_IDENTITY[sdk=iphoneos*]" = "iPhone Developer";
				COPY_PHASE_STRIP = NO;
				DEBUG_INFORMATION_FORMAT = dwarf;
				ENABLE_STRICT_OBJC_MSGSEND = YES;
				ENABLE_TESTABILITY = YES;
				GCC_C_LANGUAGE_STANDARD = gnu99;
				GCC_DYNAMIC_NO_PIC = NO;
				GCC_NO_COMMON_BLOCKS = YES;
				GCC_OPTIMIZATION_LEVEL = 0;
				GCC_PREPROCESSOR_DEFINITIONS = (
					"DEBUG=1",
					"$(inherited)",
				);
				GCC_WARN_64_TO_32_BIT_CONVERSION = YES;
				GCC_WARN_ABOUT_RETURN_TYPE = YES_ERROR;
				GCC_WARN_UNDECLARED_SELECTOR = YES;
				GCC_WARN_UNINITIALIZED_AUTOS = YES_AGGRESSIVE;
				GCC_WARN_UNUSED_FUNCTION = YES;
				GCC_WARN_UNUSED_VARIABLE = YES;
				IPHONEOS_DEPLOYMENT_TARGET = 10.2;
				MTL_ENABLE_DEBUG_INFO = YES;
				ONLY_ACTIVE_ARCH = YES;
				SDKROOT = iphoneos;
				SWIFT_ACTIVE_COMPILATION_CONDITIONS = DEBUG;
				SWIFT_OPTIMIZATION_LEVEL = "-Onone";
				TARGETED_DEVICE_FAMILY = "1,2";
			};
			name = Debug;
		};
		07F1DA8D1EF9DFBF0017E593 /* Release */ = {
			isa = XCBuildConfiguration;
			buildSettings = {
				ALWAYS_SEARCH_USER_PATHS = NO;
				CLANG_ANALYZER_NONNULL = YES;
				CLANG_CXX_LANGUAGE_STANDARD = "gnu++0x";
				CLANG_CXX_LIBRARY = "libc++";
				CLANG_ENABLE_MODULES = YES;
				CLANG_ENABLE_OBJC_ARC = YES;
				CLANG_WARN_BOOL_CONVERSION = YES;
				CLANG_WARN_CONSTANT_CONVERSION = YES;
				CLANG_WARN_DIRECT_OBJC_ISA_USAGE = YES_ERROR;
				CLANG_WARN_DOCUMENTATION_COMMENTS = YES;
				CLANG_WARN_EMPTY_BODY = YES;
				CLANG_WARN_ENUM_CONVERSION = YES;
				CLANG_WARN_INFINITE_RECURSION = YES;
				CLANG_WARN_INT_CONVERSION = YES;
				CLANG_WARN_OBJC_ROOT_CLASS = YES_ERROR;
				CLANG_WARN_SUSPICIOUS_MOVE = YES;
				CLANG_WARN_UNREACHABLE_CODE = YES;
				CLANG_WARN__DUPLICATE_METHOD_MATCH = YES;
				"CODE_SIGN_IDENTITY[sdk=iphoneos*]" = "iPhone Developer";
				COPY_PHASE_STRIP = NO;
				DEBUG_INFORMATION_FORMAT = "dwarf-with-dsym";
				ENABLE_NS_ASSERTIONS = NO;
				ENABLE_STRICT_OBJC_MSGSEND = YES;
				GCC_C_LANGUAGE_STANDARD = gnu99;
				GCC_NO_COMMON_BLOCKS = YES;
				GCC_WARN_64_TO_32_BIT_CONVERSION = YES;
				GCC_WARN_ABOUT_RETURN_TYPE = YES_ERROR;
				GCC_WARN_UNDECLARED_SELECTOR = YES;
				GCC_WARN_UNINITIALIZED_AUTOS = YES_AGGRESSIVE;
				GCC_WARN_UNUSED_FUNCTION = YES;
				GCC_WARN_UNUSED_VARIABLE = YES;
				IPHONEOS_DEPLOYMENT_TARGET = 10.2;
				MTL_ENABLE_DEBUG_INFO = NO;
				SDKROOT = iphoneos;
				SWIFT_OPTIMIZATION_LEVEL = "-Owholemodule";
				TARGETED_DEVICE_FAMILY = "1,2";
				VALIDATE_PRODUCT = YES;
			};
			name = Release;
		};
		07F1DA8F1EF9DFBF0017E593 /* Debug */ = {
			isa = XCBuildConfiguration;
			buildSettings = {
				ASSETCATALOG_COMPILER_APPICON_NAME = AppIcon;
				DEVELOPMENT_TEAM = HGLGB2JMB5;
				INFOPLIST_FILE = upDownRiver/Info.plist;
				IPHONEOS_DEPLOYMENT_TARGET = 10.0;
				LD_RUNPATH_SEARCH_PATHS = "$(inherited) @executable_path/Frameworks";
				PRODUCT_BUNDLE_IDENTIFIER = weinbema.CS261.upDownRiver;
				PRODUCT_NAME = "$(TARGET_NAME)";
				SWIFT_VERSION = 3.0;
			};
			name = Debug;
		};
		07F1DA901EF9DFBF0017E593 /* Release */ = {
			isa = XCBuildConfiguration;
			buildSettings = {
				ASSETCATALOG_COMPILER_APPICON_NAME = AppIcon;
				DEVELOPMENT_TEAM = HGLGB2JMB5;
				INFOPLIST_FILE = upDownRiver/Info.plist;
				IPHONEOS_DEPLOYMENT_TARGET = 10.0;
				LD_RUNPATH_SEARCH_PATHS = "$(inherited) @executable_path/Frameworks";
				PRODUCT_BUNDLE_IDENTIFIER = weinbema.CS261.upDownRiver;
				PRODUCT_NAME = "$(TARGET_NAME)";
				SWIFT_VERSION = 3.0;
			};
			name = Release;
		};
		07F1DA921EF9DFBF0017E593 /* Debug */ = {
			isa = XCBuildConfiguration;
			buildSettings = {
				ALWAYS_EMBED_SWIFT_STANDARD_LIBRARIES = YES;
				BUNDLE_LOADER = "$(TEST_HOST)";
				INFOPLIST_FILE = upDownRiverTests/Info.plist;
				LD_RUNPATH_SEARCH_PATHS = "$(inherited) @executable_path/Frameworks @loader_path/Frameworks";
				PRODUCT_BUNDLE_IDENTIFIER = weinbema.CS261.upDownRiverTests;
				PRODUCT_NAME = "$(TARGET_NAME)";
				SWIFT_VERSION = 3.0;
				TEST_HOST = "$(BUILT_PRODUCTS_DIR)/upDownRiver.app/upDownRiver";
			};
			name = Debug;
		};
		07F1DA931EF9DFBF0017E593 /* Release */ = {
			isa = XCBuildConfiguration;
			buildSettings = {
				ALWAYS_EMBED_SWIFT_STANDARD_LIBRARIES = YES;
				BUNDLE_LOADER = "$(TEST_HOST)";
				INFOPLIST_FILE = upDownRiverTests/Info.plist;
				LD_RUNPATH_SEARCH_PATHS = "$(inherited) @executable_path/Frameworks @loader_path/Frameworks";
				PRODUCT_BUNDLE_IDENTIFIER = weinbema.CS261.upDownRiverTests;
				PRODUCT_NAME = "$(TARGET_NAME)";
				SWIFT_VERSION = 3.0;
				TEST_HOST = "$(BUILT_PRODUCTS_DIR)/upDownRiver.app/upDownRiver";
			};
			name = Release;
		};
		07F1DA951EF9DFBF0017E593 /* Debug */ = {
			isa = XCBuildConfiguration;
			buildSettings = {
				ALWAYS_EMBED_SWIFT_STANDARD_LIBRARIES = YES;
				INFOPLIST_FILE = upDownRiverUITests/Info.plist;
				LD_RUNPATH_SEARCH_PATHS = "$(inherited) @executable_path/Frameworks @loader_path/Frameworks";
				PRODUCT_BUNDLE_IDENTIFIER = weinbema.CS261.upDownRiverUITests;
				PRODUCT_NAME = "$(TARGET_NAME)";
				SWIFT_VERSION = 3.0;
				TEST_TARGET_NAME = upDownRiver;
			};
			name = Debug;
		};
		07F1DA961EF9DFBF0017E593 /* Release */ = {
			isa = XCBuildConfiguration;
			buildSettings = {
				ALWAYS_EMBED_SWIFT_STANDARD_LIBRARIES = YES;
				INFOPLIST_FILE = upDownRiverUITests/Info.plist;
				LD_RUNPATH_SEARCH_PATHS = "$(inherited) @executable_path/Frameworks @loader_path/Frameworks";
				PRODUCT_BUNDLE_IDENTIFIER = weinbema.CS261.upDownRiverUITests;
				PRODUCT_NAME = "$(TARGET_NAME)";
				SWIFT_VERSION = 3.0;
				TEST_TARGET_NAME = upDownRiver;
			};
			name = Release;
		};
/* End XCBuildConfiguration section */

/* Begin XCConfigurationList section */
		07F1DA611EF9DFBF0017E593 /* Build configuration list for PBXProject "upDownRiver" */ = {
			isa = XCConfigurationList;
			buildConfigurations = (
				07F1DA8C1EF9DFBF0017E593 /* Debug */,
				07F1DA8D1EF9DFBF0017E593 /* Release */,
			);
			defaultConfigurationIsVisible = 0;
			defaultConfigurationName = Release;
		};
		07F1DA8E1EF9DFBF0017E593 /* Build configuration list for PBXNativeTarget "upDownRiver" */ = {
			isa = XCConfigurationList;
			buildConfigurations = (
				07F1DA8F1EF9DFBF0017E593 /* Debug */,
				07F1DA901EF9DFBF0017E593 /* Release */,
			);
			defaultConfigurationIsVisible = 0;
			defaultConfigurationName = Release;
		};
		07F1DA911EF9DFBF0017E593 /* Build configuration list for PBXNativeTarget "upDownRiverTests" */ = {
			isa = XCConfigurationList;
			buildConfigurations = (
				07F1DA921EF9DFBF0017E593 /* Debug */,
				07F1DA931EF9DFBF0017E593 /* Release */,
			);
			defaultConfigurationIsVisible = 0;
			defaultConfigurationName = Release;
		};
		07F1DA941EF9DFBF0017E593 /* Build configuration list for PBXNativeTarget "upDownRiverUITests" */ = {
			isa = XCConfigurationList;
			buildConfigurations = (
				07F1DA951EF9DFBF0017E593 /* Debug */,
				07F1DA961EF9DFBF0017E593 /* Release */,
			);
			defaultConfigurationIsVisible = 0;
			defaultConfigurationName = Release;
		};
/* End XCConfigurationList section */
	};
	rootObject = 07F1DA5E1EF9DFBF0017E593 /* Project object */;
}
